
Microsoft Visual Studio Solution File, Format Version 12.00
# Visual Studio 2013
VisualStudioVersion = 12.0.21005.1
MinimumVisualStudioVersion = 10.0.40219.1
Project("{FAE04EC0-301F-11D3-BF4B-00C04F79EFBC}") = "Mp3PlayerApp", "Mp3PlayerApp\Mp3PlayerApp.csproj", "{DF4E74C1-7AB5-48E1-8569-99A8D696D758}"
EndProject
Global
	GlobalSection(SolutionConfigurationPlatforms) = preSolution
		Debug|Any CPU = Debug|Any CPU
		Release|Any CPU = Release|Any CPU
	EndGlobalSection
	GlobalSection(ProjectConfigurationPlatforms) = postSolution
		{DF4E74C1-7AB5-48E1-8569-99A8D696D758}.Debug|Any CPU.ActiveCfg = Debug|Any CPU
		{DF4E74C1-7AB5-48E1-8569-99A8D696D758}.Debug|Any CPU.Build.0 = Debug|Any CPU
		{DF4E74C1-7AB5-48E1-8569-99A8D696D758}.Release|Any CPU.ActiveCfg = Release|Any CPU
		{DF4E74C1-7AB5-48E1-8569-99A8D696D758}.Release|Any CPU.Build.0 = Release|Any CPU
	EndGlobalSection
	GlobalSection(SolutionProperties) = preSolution
		HideSolutionNode = FALSE
	EndGlobalSection
EndGlobal
